
Microsoft Visual Studio Solution File, Format Version 12.00
# Visual Studio 15
VisualStudioVersion = 15.0.27703.2035
MinimumVisualStudioVersion = 10.0.40219.1
Project("{FAE04EC0-301F-11D3-BF4B-00C04F79EFBC}") = "AspNetCore.Identity.PostgreSQL", "AspNetCore.Identity.PostgreSQL\AspNetCore.Identity.PostgreSQL.csproj", "{09C70C15-1AB6-4218-B900-0ED369976598}"
EndProject
Project("{FAE04EC0-301F-11D3-BF4B-00C04F79EFBC}") = "AspNetCore.Identity.PostgreSQL.Manager", "AspNetCore.Identity.PostgreSQL.Manager\AspNetCore.Identity.PostgreSQL.Manager.csproj", "{97B2753C-4477-4ABC-8432-3A0450848076}"
EndProject
Global
	GlobalSection(SolutionConfigurationPlatforms) = preSolution
		Debug|Any CPU = Debug|Any CPU
		Release|Any CPU = Release|Any CPU
	EndGlobalSection
	GlobalSection(ProjectConfigurationPlatforms) = postSolution
		{09C70C15-1AB6-4218-B900-0ED369976598}.Debug|Any CPU.ActiveCfg = Debug|Any CPU
		{09C70C15-1AB6-4218-B900-0ED369976598}.Debug|Any CPU.Build.0 = Debug|Any CPU
		{09C70C15-1AB6-4218-B900-0ED369976598}.Release|Any CPU.ActiveCfg = Release|Any CPU
		{09C70C15-1AB6-4218-B900-0ED369976598}.Release|Any CPU.Build.0 = Release|Any CPU
		{97B2753C-4477-4ABC-8432-3A0450848076}.Debug|Any CPU.ActiveCfg = Debug|Any CPU
		{97B2753C-4477-4ABC-8432-3A0450848076}.Debug|Any CPU.Build.0 = Debug|Any CPU
		{97B2753C-4477-4ABC-8432-3A0450848076}.Release|Any CPU.ActiveCfg = Release|Any CPU
		{97B2753C-4477-4ABC-8432-3A0450848076}.Release|Any CPU.Build.0 = Release|Any CPU
	EndGlobalSection
	GlobalSection(SolutionProperties) = preSolution
		HideSolutionNode = FALSE
	EndGlobalSection
	GlobalSection(ExtensibilityGlobals) = postSolution
		SolutionGuid = {30C8F8A0-D8B8-42AE-A25E-2F91FEE86E26}
	EndGlobalSection
EndGlobal
